// !$*UTF8*$!
{
	archiveVersion = 1;
	classes = {
	};
	objectVersion = 56;
	objects = {

/* Begin PBXBuildFile section */
		01AD4F302AB18C6900E282EC /* iPhoneNumberField in Frameworks */ = {isa = PBXBuildFile; productRef = 01AD4F2F2AB18C6900E282EC /* iPhoneNumberField */; };
		01AD4F322AB1A3A400E282EC /* VerificationView.swift in Sources */ = {isa = PBXBuildFile; fileRef = 01AD4F312AB1A3A300E282EC /* VerificationView.swift */; };
		01B5ADAE2AAA076A00CA444A /* GoodJobApp.swift in Sources */ = {isa = PBXBuildFile; fileRef = 01B5ADAD2AAA076A00CA444A /* GoodJobApp.swift */; };
		01B5ADB02AAA076A00CA444A /* ContentView.swift in Sources */ = {isa = PBXBuildFile; fileRef = 01B5ADAF2AAA076A00CA444A /* ContentView.swift */; };
		01B5ADB22AAA076B00CA444A /* Assets.xcassets in Resources */ = {isa = PBXBuildFile; fileRef = 01B5ADB12AAA076B00CA444A /* Assets.xcassets */; };
		01B5ADB52AAA076B00CA444A /* Preview Assets.xcassets in Resources */ = {isa = PBXBuildFile; fileRef = 01B5ADB42AAA076B00CA444A /* Preview Assets.xcassets */; };
		01BE5FFB2AAB1A8E001A8BBC /* Start.swift in Sources */ = {isa = PBXBuildFile; fileRef = 01BE5FFA2AAB1A8E001A8BBC /* Start.swift */; };
		01BE5FFD2AAB1E3A001A8BBC /* FirstPage.swift in Sources */ = {isa = PBXBuildFile; fileRef = 01BE5FFC2AAB1E3A001A8BBC /* FirstPage.swift */; };
		01BE60002AAB31A1001A8BBC /* LoginView.swift in Sources */ = {isa = PBXBuildFile; fileRef = 01BE5FFF2AAB31A1001A8BBC /* LoginView.swift */; };
		01BE60022AAB33C6001A8BBC /* Launch Screen.storyboard in Resources */ = {isa = PBXBuildFile; fileRef = 01BE60012AAB33C6001A8BBC /* Launch Screen.storyboard */; };
/* End PBXBuildFile section */

/* Begin PBXFileReference section */
		01AD4F312AB1A3A300E282EC /* VerificationView.swift */ = {isa = PBXFileReference; lastKnownFileType = sourcecode.swift; path = VerificationView.swift; sourceTree = "<group>"; };
		01B5ADAA2AAA076A00CA444A /* GoodJob.app */ = {isa = PBXFileReference; explicitFileType = wrapper.application; includeInIndex = 0; path = GoodJob.app; sourceTree = BUILT_PRODUCTS_DIR; };
		01B5ADAD2AAA076A00CA444A /* GoodJobApp.swift */ = {isa = PBXFileReference; lastKnownFileType = sourcecode.swift; path = GoodJobApp.swift; sourceTree = "<group>"; };
		01B5ADAF2AAA076A00CA444A /* ContentView.swift */ = {isa = PBXFileReference; lastKnownFileType = sourcecode.swift; path = ContentView.swift; sourceTree = "<group>"; };
		01B5ADB12AAA076B00CA444A /* Assets.xcassets */ = {isa = PBXFileReference; lastKnownFileType = folder.assetcatalog; path = Assets.xcassets; sourceTree = "<group>"; };
		01B5ADB42AAA076B00CA444A /* Preview Assets.xcassets */ = {isa = PBXFileReference; lastKnownFileType = folder.assetcatalog; path = "Preview Assets.xcassets"; sourceTree = "<group>"; };
		01BE5FFA2AAB1A8E001A8BBC /* Start.swift */ = {isa = PBXFileReference; lastKnownFileType = sourcecode.swift; path = Start.swift; sourceTree = "<group>"; };
		01BE5FFC2AAB1E3A001A8BBC /* FirstPage.swift */ = {isa = PBXFileReference; lastKnownFileType = sourcecode.swift; path = FirstPage.swift; sourceTree = "<group>"; };
		01BE5FFF2AAB31A1001A8BBC /* LoginView.swift */ = {isa = PBXFileReference; lastKnownFileType = sourcecode.swift; path = LoginView.swift; sourceTree = "<group>"; };
		01BE60012AAB33C6001A8BBC /* Launch Screen.storyboard */ = {isa = PBXFileReference; lastKnownFileType = file.storyboard; path = "Launch Screen.storyboard"; sourceTree = "<group>"; };
/* End PBXFileReference section */

/* Begin PBXFrameworksBuildPhase section */
		01B5ADA72AAA076A00CA444A /* Frameworks */ = {
			isa = PBXFrameworksBuildPhase;
			buildActionMask = 2147483647;
			files = (
				01AD4F302AB18C6900E282EC /* iPhoneNumberField in Frameworks */,
			);
			runOnlyForDeploymentPostprocessing = 0;
		};
/* End PBXFrameworksBuildPhase section */

/* Begin PBXGroup section */
		01B5ADA12AAA076A00CA444A = {
			isa = PBXGroup;
			children = (
				01B5ADAC2AAA076A00CA444A /* GoodJob */,
				01B5ADAB2AAA076A00CA444A /* Products */,
			);
			sourceTree = "<group>";
		};
		01B5ADAB2AAA076A00CA444A /* Products */ = {
			isa = PBXGroup;
			children = (
				01B5ADAA2AAA076A00CA444A /* GoodJob.app */,
			);
			name = Products;
			sourceTree = "<group>";
		};
		01B5ADAC2AAA076A00CA444A /* GoodJob */ = {
			isa = PBXGroup;
			children = (
				01BE5FF92AAB1A6F001A8BBC /* Components */,
				01BE5FF12AAB1771001A8BBC /* App */,
				01BE5FF22AAB177A001A8BBC /* View */,
				01BE60032AAB3C1F001A8BBC /* Others */,
			);
			path = GoodJob;
			sourceTree = "<group>";
		};
		01B5ADB32AAA076B00CA444A /* Preview Content */ = {
			isa = PBXGroup;
			children = (
				01B5ADB42AAA076B00CA444A /* Preview Assets.xcassets */,
			);
			name = "Preview Content";
			path = "../../Preview Content";
			sourceTree = "<group>";
		};
		01BE5FF12AAB1771001A8BBC /* App */ = {
			isa = PBXGroup;
			children = (
				01B5ADAD2AAA076A00CA444A /* GoodJobApp.swift */,
			);
			path = App;
			sourceTree = "<group>";
		};
		01BE5FF22AAB177A001A8BBC /* View */ = {
			isa = PBXGroup;
			children = (
				01BE5FF82AAB1A1B001A8BBC /* Onboarding */,
				01BE5FFE2AAB3160001A8BBC /* Registration */,
				01BE5FF72AAB1A12001A8BBC /* Root */,
			);
			path = View;
			sourceTree = "<group>";
		};
		01BE5FF72AAB1A12001A8BBC /* Root */ = {
			isa = PBXGroup;
			children = (
				01B5ADAF2AAA076A00CA444A /* ContentView.swift */,
			);
			path = Root;
			sourceTree = "<group>";
		};
		01BE5FF82AAB1A1B001A8BBC /* Onboarding */ = {
			isa = PBXGroup;
			children = (
				01BE5FFC2AAB1E3A001A8BBC /* FirstPage.swift */,
			);
			path = Onboarding;
			sourceTree = "<group>";
		};
		01BE5FF92AAB1A6F001A8BBC /* Components */ = {
			isa = PBXGroup;
			children = (
				01BE5FFA2AAB1A8E001A8BBC /* Start.swift */,
			);
			path = Components;
			sourceTree = "<group>";
		};
		01BE5FFE2AAB3160001A8BBC /* Registration */ = {
			isa = PBXGroup;
			children = (
				01BE5FFF2AAB31A1001A8BBC /* LoginView.swift */,
				01AD4F312AB1A3A300E282EC /* VerificationView.swift */,
			);
			path = Registration;
			sourceTree = "<group>";
		};
		01BE60032AAB3C1F001A8BBC /* Others */ = {
			isa = PBXGroup;
			children = (
				01B5ADB32AAA076B00CA444A /* Preview Content */,
				01BE60012AAB33C6001A8BBC /* Launch Screen.storyboard */,
				01B5ADB12AAA076B00CA444A /* Assets.xcassets */,
			);
			path = Others;
			sourceTree = "<group>";
		};
/* End PBXGroup section */

/* Begin PBXNativeTarget section */
		01B5ADA92AAA076A00CA444A /* GoodJob */ = {
			isa = PBXNativeTarget;
			buildConfigurationList = 01B5ADB82AAA076B00CA444A /* Build configuration list for PBXNativeTarget "GoodJob" */;
			buildPhases = (
				01B5ADA62AAA076A00CA444A /* Sources */,
				01B5ADA72AAA076A00CA444A /* Frameworks */,
				01B5ADA82AAA076A00CA444A /* Resources */,
			);
			buildRules = (
			);
			dependencies = (
			);
			name = GoodJob;
			packageProductDependencies = (
				01AD4F2F2AB18C6900E282EC /* iPhoneNumberField */,
			);
			productName = GoodJob;
			productReference = 01B5ADAA2AAA076A00CA444A /* GoodJob.app */;
			productType = "com.apple.product-type.application";
		};
/* End PBXNativeTarget section */

/* Begin PBXProject section */
		01B5ADA22AAA076A00CA444A /* Project object */ = {
			isa = PBXProject;
			attributes = {
				BuildIndependentTargetsInParallel = 1;
				LastSwiftUpdateCheck = 1410;
				LastUpgradeCheck = 1410;
				TargetAttributes = {
					01B5ADA92AAA076A00CA444A = {
						CreatedOnToolsVersion = 14.1;
					};
				};
			};
			buildConfigurationList = 01B5ADA52AAA076A00CA444A /* Build configuration list for PBXProject "GoodJob" */;
			compatibilityVersion = "Xcode 14.0";
			developmentRegion = en;
			hasScannedForEncodings = 0;
			knownRegions = (
				en,
				Base,
			);
			mainGroup = 01B5ADA12AAA076A00CA444A;
			packageReferences = (
				01AD4F2E2AB18C6900E282EC /* XCRemoteSwiftPackageReference "iPhoneNumberField" */,
			);
			productRefGroup = 01B5ADAB2AAA076A00CA444A /* Products */;
			projectDirPath = "";
			projectRoot = "";
			targets = (
				01B5ADA92AAA076A00CA444A /* GoodJob */,
			);
		};
/* End PBXProject section */

/* Begin PBXResourcesBuildPhase section */
		01B5ADA82AAA076A00CA444A /* Resources */ = {
			isa = PBXResourcesBuildPhase;
			buildActionMask = 2147483647;
			files = (
				01BE60022AAB33C6001A8BBC /* Launch Screen.storyboard in Resources */,
				01B5ADB52AAA076B00CA444A /* Preview Assets.xcassets in Resources */,
				01B5ADB22AAA076B00CA444A /* Assets.xcassets in Resources */,
			);
			runOnlyForDeploymentPostprocessing = 0;
		};
/* End PBXResourcesBuildPhase section */

/* Begin PBXSourcesBuildPhase section */
		01B5ADA62AAA076A00CA444A /* Sources */ = {
			isa = PBXSourcesBuildPhase;
			buildActionMask = 2147483647;
			files = (
				01B5ADB02AAA076A00CA444A /* ContentView.swift in Sources */,
				01BE5FFB2AAB1A8E001A8BBC /* Start.swift in Sources */,
				01B5ADAE2AAA076A00CA444A /* GoodJobApp.swift in Sources */,
				01AD4F322AB1A3A400E282EC /* VerificationView.swift in Sources */,
				01BE60002AAB31A1001A8BBC /* LoginView.swift in Sources */,
				01BE5FFD2AAB1E3A001A8BBC /* FirstPage.swift in Sources */,
			);
			runOnlyForDeploymentPostprocessing = 0;
		};
/* End PBXSourcesBuildPhase section */

/* Begin XCBuildConfiguration section */
		01B5ADB62AAA076B00CA444A /* Debug */ = {
			isa = XCBuildConfiguration;
			buildSettings = {
				ALWAYS_SEARCH_USER_PATHS = NO;
				CLANG_ANALYZER_NONNULL = YES;
				CLANG_ANALYZER_NUMBER_OBJECT_CONVERSION = YES_AGGRESSIVE;
				CLANG_CXX_LANGUAGE_STANDARD = "gnu++20";
				CLANG_ENABLE_MODULES = YES;
				CLANG_ENABLE_OBJC_ARC = YES;
				CLANG_ENABLE_OBJC_WEAK = YES;
				CLANG_WARN_BLOCK_CAPTURE_AUTORELEASING = YES;
				CLANG_WARN_BOOL_CONVERSION = YES;
				CLANG_WARN_COMMA = YES;
				CLANG_WARN_CONSTANT_CONVERSION = YES;
				CLANG_WARN_DEPRECATED_OBJC_IMPLEMENTATIONS = YES;
				CLANG_WARN_DIRECT_OBJC_ISA_USAGE = YES_ERROR;
				CLANG_WARN_DOCUMENTATION_COMMENTS = YES;
				CLANG_WARN_EMPTY_BODY = YES;
				CLANG_WARN_ENUM_CONVERSION = YES;
				CLANG_WARN_INFINITE_RECURSION = YES;
				CLANG_WARN_INT_CONVERSION = YES;
				CLANG_WARN_NON_LITERAL_NULL_CONVERSION = YES;
				CLANG_WARN_OBJC_IMPLICIT_RETAIN_SELF = YES;
				CLANG_WARN_OBJC_LITERAL_CONVERSION = YES;
				CLANG_WARN_OBJC_ROOT_CLASS = YES_ERROR;
				CLANG_WARN_QUOTED_INCLUDE_IN_FRAMEWORK_HEADER = YES;
				CLANG_WARN_RANGE_LOOP_ANALYSIS = YES;
				CLANG_WARN_STRICT_PROTOTYPES = YES;
				CLANG_WARN_SUSPICIOUS_MOVE = YES;
				CLANG_WARN_UNGUARDED_AVAILABILITY = YES_AGGRESSIVE;
				CLANG_WARN_UNREACHABLE_CODE = YES;
				CLANG_WARN__DUPLICATE_METHOD_MATCH = YES;
				COPY_PHASE_STRIP = NO;
				DEBUG_INFORMATION_FORMAT = dwarf;
				ENABLE_STRICT_OBJC_MSGSEND = YES;
				ENABLE_TESTABILITY = YES;
				GCC_C_LANGUAGE_STANDARD = gnu11;
				GCC_DYNAMIC_NO_PIC = NO;
				GCC_NO_COMMON_BLOCKS = YES;
				GCC_OPTIMIZATION_LEVEL = 0;
				GCC_PREPROCESSOR_DEFINITIONS = (
					"DEBUG=1",
					"$(inherited)",
				);
				GCC_WARN_64_TO_32_BIT_CONVERSION = YES;
				GCC_WARN_ABOUT_RETURN_TYPE = YES_ERROR;
				GCC_WARN_UNDECLARED_SELECTOR = YES;
				GCC_WARN_UNINITIALIZED_AUTOS = YES_AGGRESSIVE;
				GCC_WARN_UNUSED_FUNCTION = YES;
				GCC_WARN_UNUSED_VARIABLE = YES;
				IPHONEOS_DEPLOYMENT_TARGET = 16.1;
				MTL_ENABLE_DEBUG_INFO = INCLUDE_SOURCE;
				MTL_FAST_MATH = YES;
				ONLY_ACTIVE_ARCH = YES;
				SDKROOT = iphoneos;
				SWIFT_ACTIVE_COMPILATION_CONDITIONS = DEBUG;
				SWIFT_OPTIMIZATION_LEVEL = "-Onone";
			};
			name = Debug;
		};
		01B5ADB72AAA076B00CA444A /* Release */ = {
			isa = XCBuildConfiguration;
			buildSettings = {
				ALWAYS_SEARCH_USER_PATHS = NO;
				CLANG_ANALYZER_NONNULL = YES;
				CLANG_ANALYZER_NUMBER_OBJECT_CONVERSION = YES_AGGRESSIVE;
				CLANG_CXX_LANGUAGE_STANDARD = "gnu++20";
				CLANG_ENABLE_MODULES = YES;
				CLANG_ENABLE_OBJC_ARC = YES;
				CLANG_ENABLE_OBJC_WEAK = YES;
				CLANG_WARN_BLOCK_CAPTURE_AUTORELEASING = YES;
				CLANG_WARN_BOOL_CONVERSION = YES;
				CLANG_WARN_COMMA = YES;
				CLANG_WARN_CONSTANT_CONVERSION = YES;
				CLANG_WARN_DEPRECATED_OBJC_IMPLEMENTATIONS = YES;
				CLANG_WARN_DIRECT_OBJC_ISA_USAGE = YES_ERROR;
				CLANG_WARN_DOCUMENTATION_COMMENTS = YES;
				CLANG_WARN_EMPTY_BODY = YES;
				CLANG_WARN_ENUM_CONVERSION = YES;
				CLANG_WARN_INFINITE_RECURSION = YES;
				CLANG_WARN_INT_CONVERSION = YES;
				CLANG_WARN_NON_LITERAL_NULL_CONVERSION = YES;
				CLANG_WARN_OBJC_IMPLICIT_RETAIN_SELF = YES;
				CLANG_WARN_OBJC_LITERAL_CONVERSION = YES;
				CLANG_WARN_OBJC_ROOT_CLASS = YES_ERROR;
				CLANG_WARN_QUOTED_INCLUDE_IN_FRAMEWORK_HEADER = YES;
				CLANG_WARN_RANGE_LOOP_ANALYSIS = YES;
				CLANG_WARN_STRICT_PROTOTYPES = YES;
				CLANG_WARN_SUSPICIOUS_MOVE = YES;
				CLANG_WARN_UNGUARDED_AVAILABILITY = YES_AGGRESSIVE;
				CLANG_WARN_UNREACHABLE_CODE = YES;
				CLANG_WARN__DUPLICATE_METHOD_MATCH = YES;
				COPY_PHASE_STRIP = NO;
				DEBUG_INFORMATION_FORMAT = "dwarf-with-dsym";
				ENABLE_NS_ASSERTIONS = NO;
				ENABLE_STRICT_OBJC_MSGSEND = YES;
				GCC_C_LANGUAGE_STANDARD = gnu11;
				GCC_NO_COMMON_BLOCKS = YES;
				GCC_WARN_64_TO_32_BIT_CONVERSION = YES;
				GCC_WARN_ABOUT_RETURN_TYPE = YES_ERROR;
				GCC_WARN_UNDECLARED_SELECTOR = YES;
				GCC_WARN_UNINITIALIZED_AUTOS = YES_AGGRESSIVE;
				GCC_WARN_UNUSED_FUNCTION = YES;
				GCC_WARN_UNUSED_VARIABLE = YES;
				IPHONEOS_DEPLOYMENT_TARGET = 16.1;
				MTL_ENABLE_DEBUG_INFO = NO;
				MTL_FAST_MATH = YES;
				SDKROOT = iphoneos;
				SWIFT_COMPILATION_MODE = wholemodule;
				SWIFT_OPTIMIZATION_LEVEL = "-O";
				VALIDATE_PRODUCT = YES;
			};
			name = Release;
		};
		01B5ADB92AAA076B00CA444A /* Debug */ = {
			isa = XCBuildConfiguration;
			buildSettings = {
				ASSETCATALOG_COMPILER_APPICON_NAME = AppIcon;
				ASSETCATALOG_COMPILER_GLOBAL_ACCENT_COLOR_NAME = AccentColor;
				CODE_SIGN_STYLE = Automatic;
				CURRENT_PROJECT_VERSION = 1;
				DEVELOPMENT_ASSET_PATHS = "\"GoodJob/Preview Content\"";
				DEVELOPMENT_TEAM = 9D422DH2LV;
				ENABLE_PREVIEWS = YES;
				GENERATE_INFOPLIST_FILE = YES;
				INFOPLIST_FILE = GoodJob/Info.plist;
				INFOPLIST_KEY_UIApplicationSceneManifest_Generation = YES;
				INFOPLIST_KEY_UIApplicationSupportsIndirectInputEvents = YES;
				INFOPLIST_KEY_UILaunchStoryboardName = "Launch Screen.storyboard";
				INFOPLIST_KEY_UISupportedInterfaceOrientations_iPad = "UIInterfaceOrientationPortrait UIInterfaceOrientationPortraitUpsideDown UIInterfaceOrientationLandscapeLeft UIInterfaceOrientationLandscapeRight";
				INFOPLIST_KEY_UISupportedInterfaceOrientations_iPhone = "UIInterfaceOrientationPortrait UIInterfaceOrientationLandscapeLeft UIInterfaceOrientationLandscapeRight";
				IPHONEOS_DEPLOYMENT_TARGET = 16.1;
				LD_RUNPATH_SEARCH_PATHS = (
					"$(inherited)",
					"@executable_path/Frameworks",
				);
				MARKETING_VERSION = 1.0;
				PRODUCT_BUNDLE_IDENTIFIER = "Dimash-s.GoodJob";
				PRODUCT_NAME = "$(TARGET_NAME)";
				SWIFT_EMIT_LOC_STRINGS = YES;
				SWIFT_VERSION = 5.0;
				TARGETED_DEVICE_FAMILY = "1,2";
			};
			name = Debug;
		};
		01B5ADBA2AAA076B00CA444A /* Release */ = {
			isa = XCBuildConfiguration;
			buildSettings = {
				ASSETCATALOG_COMPILER_APPICON_NAME = AppIcon;
				ASSETCATALOG_COMPILER_GLOBAL_ACCENT_COLOR_NAME = AccentColor;
				CODE_SIGN_STYLE = Automatic;
				CURRENT_PROJECT_VERSION = 1;
				DEVELOPMENT_ASSET_PATHS = "\"GoodJob/Preview Content\"";
				DEVELOPMENT_TEAM = 9D422DH2LV;
				ENABLE_PREVIEWS = YES;
				GENERATE_INFOPLIST_FILE = YES;
				INFOPLIST_FILE = GoodJob/Info.plist;
				INFOPLIST_KEY_UIApplicationSceneManifest_Generation = YES;
				INFOPLIST_KEY_UIApplicationSupportsIndirectInputEvents = YES;
				INFOPLIST_KEY_UILaunchStoryboardName = "Launch Screen.storyboard";
				INFOPLIST_KEY_UISupportedInterfaceOrientations_iPad = "UIInterfaceOrientationPortrait UIInterfaceOrientationPortraitUpsideDown UIInterfaceOrientationLandscapeLeft UIInterfaceOrientationLandscapeRight";
				INFOPLIST_KEY_UISupportedInterfaceOrientations_iPhone = "UIInterfaceOrientationPortrait UIInterfaceOrientationLandscapeLeft UIInterfaceOrientationLandscapeRight";
				IPHONEOS_DEPLOYMENT_TARGET = 16.1;
				LD_RUNPATH_SEARCH_PATHS = (
					"$(inherited)",
					"@executable_path/Frameworks",
				);
				MARKETING_VERSION = 1.0;
				PRODUCT_BUNDLE_IDENTIFIER = "Dimash-s.GoodJob";
				PRODUCT_NAME = "$(TARGET_NAME)";
				SWIFT_EMIT_LOC_STRINGS = YES;
				SWIFT_VERSION = 5.0;
				TARGETED_DEVICE_FAMILY = "1,2";
			};
			name = Release;
		};
/* End XCBuildConfiguration section */

/* Begin XCConfigurationList section */
		01B5ADA52AAA076A00CA444A /* Build configuration list for PBXProject "GoodJob" */ = {
			isa = XCConfigurationList;
			buildConfigurations = (
				01B5ADB62AAA076B00CA444A /* Debug */,
				01B5ADB72AAA076B00CA444A /* Release */,
			);
			defaultConfigurationIsVisible = 0;
			defaultConfigurationName = Release;
		};
		01B5ADB82AAA076B00CA444A /* Build configuration list for PBXNativeTarget "GoodJob" */ = {
			isa = XCConfigurationList;
			buildConfigurations = (
				01B5ADB92AAA076B00CA444A /* Debug */,
				01B5ADBA2AAA076B00CA444A /* Release */,
			);
			defaultConfigurationIsVisible = 0;
			defaultConfigurationName = Release;
		};
/* End XCConfigurationList section */

/* Begin XCRemoteSwiftPackageReference section */
		01AD4F2E2AB18C6900E282EC /* XCRemoteSwiftPackageReference "iPhoneNumberField" */ = {
			isa = XCRemoteSwiftPackageReference;
			repositoryURL = "https://github.com/MojtabaHs/iPhoneNumberField.git";
			requirement = {
				branch = main;
				kind = branch;
			};
		};
/* End XCRemoteSwiftPackageReference section */

/* Begin XCSwiftPackageProductDependency section */
		01AD4F2F2AB18C6900E282EC /* iPhoneNumberField */ = {
			isa = XCSwiftPackageProductDependency;
			package = 01AD4F2E2AB18C6900E282EC /* XCRemoteSwiftPackageReference "iPhoneNumberField" */;
			productName = iPhoneNumberField;
		};
/* End XCSwiftPackageProductDependency section */
	};
	rootObject = 01B5ADA22AAA076A00CA444A /* Project object */;
}
